
Microsoft Visual Studio Solution File, Format Version 12.00
# Visual Studio Version 16
VisualStudioVersion = 16.0.30711.63
MinimumVisualStudioVersion = 10.0.40219.1
Project("{9A19103F-16F7-4668-BE54-9A1E7A4F7556}") = "Noname.SQS.SDK", "Noname.SQS.SDK\Noname.SQS.SDK.csproj", "{C6C8F2DE-5173-4D5C-9325-496FDA697E87}"
EndProject
Global
	GlobalSection(SolutionConfigurationPlatforms) = preSolution
		Debug|Any CPU = Debug|Any CPU
		Release|Any CPU = Release|Any CPU
	EndGlobalSection
	GlobalSection(ProjectConfigurationPlatforms) = postSolution
		{C6C8F2DE-5173-4D5C-9325-496FDA697E87}.Debug|Any CPU.ActiveCfg = Debug|Any CPU
		{C6C8F2DE-5173-4D5C-9325-496FDA697E87}.Debug|Any CPU.Build.0 = Debug|Any CPU
		{C6C8F2DE-5173-4D5C-9325-496FDA697E87}.Release|Any CPU.ActiveCfg = Release|Any CPU
		{C6C8F2DE-5173-4D5C-9325-496FDA697E87}.Release|Any CPU.Build.0 = Release|Any CPU
	EndGlobalSection
	GlobalSection(SolutionProperties) = preSolution
		HideSolutionNode = FALSE
	EndGlobalSection
	GlobalSection(ExtensibilityGlobals) = postSolution
		SolutionGuid = {DA5B5091-BF51-4F59-A443-12B261A6BB2B}
	EndGlobalSection
EndGlobal
